
Microsoft Visual Studio Solution File, Format Version 12.00
# Visual Studio Version 16
VisualStudioVersion = 16.0.31205.134
MinimumVisualStudioVersion = 10.0.40219.1
Project("{FAE04EC0-301F-11D3-BF4B-00C04F79EFBC}") = "WeatherApp", "WeatherApp\WeatherApp.csproj", "{CBF1DE9C-FF0D-4837-9794-CFA125D90709}"
EndProject
Global
	GlobalSection(SolutionConfigurationPlatforms) = preSolution
		Debug|Any CPU = Debug|Any CPU
		Release|Any CPU = Release|Any CPU
	EndGlobalSection
	GlobalSection(ProjectConfigurationPlatforms) = postSolution
		{CBF1DE9C-FF0D-4837-9794-CFA125D90709}.Debug|Any CPU.ActiveCfg = Debug|Any CPU
		{CBF1DE9C-FF0D-4837-9794-CFA125D90709}.Debug|Any CPU.Build.0 = Debug|Any CPU
		{CBF1DE9C-FF0D-4837-9794-CFA125D90709}.Release|Any CPU.ActiveCfg = Release|Any CPU
		{CBF1DE9C-FF0D-4837-9794-CFA125D90709}.Release|Any CPU.Build.0 = Release|Any CPU
	EndGlobalSection
	GlobalSection(SolutionProperties) = preSolution
		HideSolutionNode = FALSE
	EndGlobalSection
	GlobalSection(ExtensibilityGlobals) = postSolution
		SolutionGuid = {297C9787-614B-4973-AA65-8F25FD9C01C2}
	EndGlobalSection
EndGlobal
